
Microsoft Visual Studio Solution File, Format Version 12.00
# Visual Studio Version 16
VisualStudioVersion = 16.0.32407.337
MinimumVisualStudioVersion = 10.0.40219.1
Project("{FAE04EC0-301F-11D3-BF4B-00C04F79EFBC}") = "跑马灯", "跑马灯\跑马灯.csproj", "{2A99DF50-3EA2-44AE-B186-3DFBF8FC2806}"
EndProject
Global
	GlobalSection(SolutionConfigurationPlatforms) = preSolution
		Debug|Any CPU = Debug|Any CPU
		Release|Any CPU = Release|Any CPU
	EndGlobalSection
	GlobalSection(ProjectConfigurationPlatforms) = postSolution
		{2A99DF50-3EA2-44AE-B186-3DFBF8FC2806}.Debug|Any CPU.ActiveCfg = Debug|Any CPU
		{2A99DF50-3EA2-44AE-B186-3DFBF8FC2806}.Debug|Any CPU.Build.0 = Debug|Any CPU
		{2A99DF50-3EA2-44AE-B186-3DFBF8FC2806}.Release|Any CPU.ActiveCfg = Release|Any CPU
		{2A99DF50-3EA2-44AE-B186-3DFBF8FC2806}.Release|Any CPU.Build.0 = Release|Any CPU
	EndGlobalSection
	GlobalSection(SolutionProperties) = preSolution
		HideSolutionNode = FALSE
	EndGlobalSection
	GlobalSection(ExtensibilityGlobals) = postSolution
		SolutionGuid = {019EDD5C-A7D1-4F97-8832-1A4E5713AAFD}
	EndGlobalSection
EndGlobal
