
Microsoft Visual Studio Solution File, Format Version 12.00
# Visual Studio Version 16
VisualStudioVersion = 16.0.32407.337
MinimumVisualStudioVersion = 10.0.40219.1
Project("{FAE04EC0-301F-11D3-BF4B-00C04F79EFBC}") = "tsst", "tsst\tsst.csproj", "{CAEB85C9-EC35-4319-96ED-55C89B9F6C8D}"
EndProject
Global
	GlobalSection(SolutionConfigurationPlatforms) = preSolution
		Debug|Any CPU = Debug|Any CPU
		Release|Any CPU = Release|Any CPU
	EndGlobalSection
	GlobalSection(ProjectConfigurationPlatforms) = postSolution
		{CAEB85C9-EC35-4319-96ED-55C89B9F6C8D}.Debug|Any CPU.ActiveCfg = Debug|Any CPU
		{CAEB85C9-EC35-4319-96ED-55C89B9F6C8D}.Debug|Any CPU.Build.0 = Debug|Any CPU
		{CAEB85C9-EC35-4319-96ED-55C89B9F6C8D}.Release|Any CPU.ActiveCfg = Release|Any CPU
		{CAEB85C9-EC35-4319-96ED-55C89B9F6C8D}.Release|Any CPU.Build.0 = Release|Any CPU
	EndGlobalSection
	GlobalSection(SolutionProperties) = preSolution
		HideSolutionNode = FALSE
	EndGlobalSection
	GlobalSection(ExtensibilityGlobals) = postSolution
		SolutionGuid = {6C6E2349-4956-4AD7-B0A2-36459A299E20}
	EndGlobalSection
EndGlobal
