
Microsoft Visual Studio Solution File, Format Version 12.00
# Visual Studio Version 16
VisualStudioVersion = 16.0.32407.337
MinimumVisualStudioVersion = 10.0.40219.1
Project("{FAE04EC0-301F-11D3-BF4B-00C04F79EFBC}") = "单个模型测试", "单个模型测试\单个模型测试.csproj", "{74C00970-BC47-4E55-B71C-9023462F9869}"
EndProject
Global
	GlobalSection(SolutionConfigurationPlatforms) = preSolution
		Debug|Any CPU = Debug|Any CPU
		Release|Any CPU = Release|Any CPU
	EndGlobalSection
	GlobalSection(ProjectConfigurationPlatforms) = postSolution
		{74C00970-BC47-4E55-B71C-9023462F9869}.Debug|Any CPU.ActiveCfg = Debug|Any CPU
		{74C00970-BC47-4E55-B71C-9023462F9869}.Debug|Any CPU.Build.0 = Debug|Any CPU
		{74C00970-BC47-4E55-B71C-9023462F9869}.Release|Any CPU.ActiveCfg = Release|Any CPU
		{74C00970-BC47-4E55-B71C-9023462F9869}.Release|Any CPU.Build.0 = Release|Any CPU
	EndGlobalSection
	GlobalSection(SolutionProperties) = preSolution
		HideSolutionNode = FALSE
	EndGlobalSection
	GlobalSection(ExtensibilityGlobals) = postSolution
		SolutionGuid = {6F207CBD-B7FF-4DA6-9630-5EF09E0EFB5F}
	EndGlobalSection
EndGlobal
